
Microsoft Visual Studio Solution File, Format Version 12.00
Project("{FAE04EC0-301F-11D3-BF4B-00C04F79EFBC}") = "Valspire.Core", "Valspire.Core\Valspire.Core.csproj", "{203CF144-F936-44CD-95D5-A0AF5DAE0B8E}"
EndProject
Project("{FAE04EC0-301F-11D3-BF4B-00C04F79EFBC}") = "Valspire.Core.Tests", "Valspire.Core.Tests\Valspire.Core.Tests.csproj", "{C25CD8F5-E2A0-4362-BA64-17B14F4B321A}"
EndProject
Project("{FAE04EC0-301F-11D3-BF4B-00C04F79EFBC}") = "Valspire.Func", "Valspire.Func\Valspire.Func.csproj", "{58C6F8DD-DC1E-4D98-9343-DF6F73EE3485}"
EndProject
Project("{FAE04EC0-301F-11D3-BF4B-00C04F79EFBC}") = "Valspire.Func.Tests", "Valspire.Func.Tests\Valspire.Func.Tests.csproj", "{CE853168-7541-4D90-B59B-EE8488F46B15}"
EndProject
Project("{FAE04EC0-301F-11D3-BF4B-00C04F79EFBC}") = "Valspire.Test.Generators", "Valspire.Test.Generators\Valspire.Test.Generators.csproj", "{7158480E-AAC5-49E0-AF4B-CF7FBE4AEE29}"
EndProject
Project("{FAE04EC0-301F-11D3-BF4B-00C04F79EFBC}") = "Valspire.Shell", "Valspire.Shell\Valspire.Shell.csproj", "{0CD1AE93-D65B-4481-A0E9-D4FE42D189FF}"
EndProject
Global
	GlobalSection(SolutionConfigurationPlatforms) = preSolution
		Debug|Any CPU = Debug|Any CPU
		Release|Any CPU = Release|Any CPU
	EndGlobalSection
	GlobalSection(ProjectConfigurationPlatforms) = postSolution
		{203CF144-F936-44CD-95D5-A0AF5DAE0B8E}.Debug|Any CPU.ActiveCfg = Debug|Any CPU
		{203CF144-F936-44CD-95D5-A0AF5DAE0B8E}.Debug|Any CPU.Build.0 = Debug|Any CPU
		{203CF144-F936-44CD-95D5-A0AF5DAE0B8E}.Release|Any CPU.ActiveCfg = Release|Any CPU
		{203CF144-F936-44CD-95D5-A0AF5DAE0B8E}.Release|Any CPU.Build.0 = Release|Any CPU
		{C25CD8F5-E2A0-4362-BA64-17B14F4B321A}.Debug|Any CPU.ActiveCfg = Debug|Any CPU
		{C25CD8F5-E2A0-4362-BA64-17B14F4B321A}.Debug|Any CPU.Build.0 = Debug|Any CPU
		{C25CD8F5-E2A0-4362-BA64-17B14F4B321A}.Release|Any CPU.ActiveCfg = Release|Any CPU
		{C25CD8F5-E2A0-4362-BA64-17B14F4B321A}.Release|Any CPU.Build.0 = Release|Any CPU
		{58C6F8DD-DC1E-4D98-9343-DF6F73EE3485}.Debug|Any CPU.ActiveCfg = Debug|Any CPU
		{58C6F8DD-DC1E-4D98-9343-DF6F73EE3485}.Debug|Any CPU.Build.0 = Debug|Any CPU
		{58C6F8DD-DC1E-4D98-9343-DF6F73EE3485}.Release|Any CPU.ActiveCfg = Release|Any CPU
		{58C6F8DD-DC1E-4D98-9343-DF6F73EE3485}.Release|Any CPU.Build.0 = Release|Any CPU
		{CE853168-7541-4D90-B59B-EE8488F46B15}.Debug|Any CPU.ActiveCfg = Debug|Any CPU
		{CE853168-7541-4D90-B59B-EE8488F46B15}.Debug|Any CPU.Build.0 = Debug|Any CPU
		{CE853168-7541-4D90-B59B-EE8488F46B15}.Release|Any CPU.ActiveCfg = Release|Any CPU
		{CE853168-7541-4D90-B59B-EE8488F46B15}.Release|Any CPU.Build.0 = Release|Any CPU
		{7158480E-AAC5-49E0-AF4B-CF7FBE4AEE29}.Debug|Any CPU.ActiveCfg = Debug|Any CPU
		{7158480E-AAC5-49E0-AF4B-CF7FBE4AEE29}.Debug|Any CPU.Build.0 = Debug|Any CPU
		{7158480E-AAC5-49E0-AF4B-CF7FBE4AEE29}.Release|Any CPU.ActiveCfg = Release|Any CPU
		{7158480E-AAC5-49E0-AF4B-CF7FBE4AEE29}.Release|Any CPU.Build.0 = Release|Any CPU
		{0CD1AE93-D65B-4481-A0E9-D4FE42D189FF}.Debug|Any CPU.ActiveCfg = Debug|Any CPU
		{0CD1AE93-D65B-4481-A0E9-D4FE42D189FF}.Debug|Any CPU.Build.0 = Debug|Any CPU
		{0CD1AE93-D65B-4481-A0E9-D4FE42D189FF}.Release|Any CPU.ActiveCfg = Release|Any CPU
		{0CD1AE93-D65B-4481-A0E9-D4FE42D189FF}.Release|Any CPU.Build.0 = Release|Any CPU
	EndGlobalSection
EndGlobal
